<?xml version="1.0" encoding="utf-8"?>
<Project ToolsVersion="4.0" xmlns="http://schemas.microsoft.com/developer/msbuild/2003">
  <ItemGroup>
    <ClCompile Include="ggwave-common.cpp">
      <Filter>Source Files</Filter>
    </ClCompile>
    <ClCompile Include="Ultrasonic.cpp">
      <Filter>Source Files</Filter>
    </ClCompile>
  </ItemGroup>
  <ItemGroup>
    <ClInclude Include="ggwave-common.h">
      <Filter>Header Files</Filter>
    </ClInclude>
    <ClInclude Include="Ultrasonic.h">
      <Filter>Header Files</Filter>
    </ClInclude>
    <ClInclude Include="Defines.h">
      <Filter>Header Files</Filter>
    </ClInclude>
  </ItemGroup>
  <ItemGroup>
    <Filter Include="Header Files">
      <UniqueIdentifier>{fa445645-c868-4e79-814b-6e9bcae022b4}</UniqueIdentifier>
    </Filter>
    <Filter Include="Source Files">
      <UniqueIdentifier>{7333e972-4c99-4e91-b321-d66bdea45a15}</UniqueIdentifier>
    </Filter>
  </ItemGroup>
</Project>